
Microsoft Visual Studio Solution File, Format Version 12.00
# Visual Studio 15
VisualStudioVersion = 15.0.28307.102
MinimumVisualStudioVersion = 10.0.40219.1
Project("{FAE04EC0-301F-11D3-BF4B-00C04F79EFBC}") = "AirRecords", "Election\AirRecords.csproj", "{5DC35348-3497-472A-A067-855CBA8673E9}"
EndProject
Project("{FAE04EC0-301F-11D3-BF4B-00C04F79EFBC}") = "UnitTestProject2", "UnitTestProject2\UnitTestProject2.csproj", "{4672AAA5-744D-470F-AC68-4BD329D9BBFA}"
EndProject
Global
	GlobalSection(SolutionConfigurationPlatforms) = preSolution
		Debug|Any CPU = Debug|Any CPU
		Release|Any CPU = Release|Any CPU
	EndGlobalSection
	GlobalSection(ProjectConfigurationPlatforms) = postSolution
		{5DC35348-3497-472A-A067-855CBA8673E9}.Debug|Any CPU.ActiveCfg = Debug|Any CPU
		{5DC35348-3497-472A-A067-855CBA8673E9}.Debug|Any CPU.Build.0 = Debug|Any CPU
		{5DC35348-3497-472A-A067-855CBA8673E9}.Release|Any CPU.ActiveCfg = Release|Any CPU
		{5DC35348-3497-472A-A067-855CBA8673E9}.Release|Any CPU.Build.0 = Release|Any CPU
		{4672AAA5-744D-470F-AC68-4BD329D9BBFA}.Debug|Any CPU.ActiveCfg = Debug|Any CPU
		{4672AAA5-744D-470F-AC68-4BD329D9BBFA}.Debug|Any CPU.Build.0 = Debug|Any CPU
		{4672AAA5-744D-470F-AC68-4BD329D9BBFA}.Release|Any CPU.ActiveCfg = Release|Any CPU
		{4672AAA5-744D-470F-AC68-4BD329D9BBFA}.Release|Any CPU.Build.0 = Release|Any CPU
	EndGlobalSection
	GlobalSection(SolutionProperties) = preSolution
		HideSolutionNode = FALSE
	EndGlobalSection
	GlobalSection(ExtensibilityGlobals) = postSolution
		SolutionGuid = {42A6203B-0EBB-4D94-9ACC-45F747D16C86}
	EndGlobalSection
EndGlobal
